
Microsoft Visual Studio Solution File, Format Version 12.00
# Visual Studio 15
VisualStudioVersion = 15.0.28307.489
MinimumVisualStudioVersion = 10.0.40219.1
Project("{FAE04EC0-301F-11D3-BF4B-00C04F79EFBC}") = "DuplicatesFinder.Core", "..\DuplicatesFinder.Core\DuplicatesFinder.Core.csproj", "{B7C698EC-7BB9-4784-B233-477F3AC3FBEB}"
EndProject
Project("{FAE04EC0-301F-11D3-BF4B-00C04F79EFBC}") = "DuplicatesFinder.ConsoleClient", "DuplicatesFinder.ConsoleClient\DuplicatesFinder.ConsoleClient.csproj", "{40ADE9F3-46BD-47B8-9934-E6E860F38641}"
EndProject
Global
	GlobalSection(SolutionConfigurationPlatforms) = preSolution
		Debug|Any CPU = Debug|Any CPU
		Release|Any CPU = Release|Any CPU
	EndGlobalSection
	GlobalSection(ProjectConfigurationPlatforms) = postSolution
		{B7C698EC-7BB9-4784-B233-477F3AC3FBEB}.Debug|Any CPU.ActiveCfg = Debug|Any CPU
		{B7C698EC-7BB9-4784-B233-477F3AC3FBEB}.Debug|Any CPU.Build.0 = Debug|Any CPU
		{B7C698EC-7BB9-4784-B233-477F3AC3FBEB}.Release|Any CPU.ActiveCfg = Release|Any CPU
		{B7C698EC-7BB9-4784-B233-477F3AC3FBEB}.Release|Any CPU.Build.0 = Release|Any CPU
		{40ADE9F3-46BD-47B8-9934-E6E860F38641}.Debug|Any CPU.ActiveCfg = Debug|Any CPU
		{40ADE9F3-46BD-47B8-9934-E6E860F38641}.Debug|Any CPU.Build.0 = Debug|Any CPU
		{40ADE9F3-46BD-47B8-9934-E6E860F38641}.Release|Any CPU.ActiveCfg = Release|Any CPU
		{40ADE9F3-46BD-47B8-9934-E6E860F38641}.Release|Any CPU.Build.0 = Release|Any CPU
	EndGlobalSection
	GlobalSection(SolutionProperties) = preSolution
		HideSolutionNode = FALSE
	EndGlobalSection
	GlobalSection(ExtensibilityGlobals) = postSolution
		SolutionGuid = {AA917BD2-C2DF-4EE8-8A8C-1DA1D511314F}
	EndGlobalSection
EndGlobal
